
Microsoft Visual Studio Solution File, Format Version 12.00
# Visual Studio Version 17
VisualStudioVersion = 17.13.35931.197
MinimumVisualStudioVersion = 10.0.40219.1
Project("{FAE04EC0-301F-11D3-BF4B-00C04F79EFBC}") = "WebAPI", "WebAPI\WebAPI.csproj", "{C60D791D-CAED-4C52-AC3C-A9F79EB3CA58}"
VisualStudioVersion = 17.13.35931.197 d17.13
MinimumVisualStudioVersion = 10.0.40219.1
Project("{FAE04EC0-301F-11D3-BF4B-00C04F79EFBC}") = "TubesKPL", "TubesKPL\TubesKPL.csproj", "{9C6D4AF0-852D-49F3-9EC9-558F0C0E8A70}"
EndProject
Project("{FAE04EC0-301F-11D3-BF4B-00C04F79EFBC}") = "MainLibrary", "MainLibrary\MainLibrary.csproj", "{035303DD-4457-4EE0-A776-4BF8F8190024}"
EndProject
Global
	GlobalSection(SolutionConfigurationPlatforms) = preSolution
		Debug|Any CPU = Debug|Any CPU
		Release|Any CPU = Release|Any CPU
	EndGlobalSection
	GlobalSection(ProjectConfigurationPlatforms) = postSolution
		{C60D791D-CAED-4C52-AC3C-A9F79EB3CA58}.Debug|Any CPU.ActiveCfg = Debug|Any CPU
		{C60D791D-CAED-4C52-AC3C-A9F79EB3CA58}.Debug|Any CPU.Build.0 = Debug|Any CPU
		{C60D791D-CAED-4C52-AC3C-A9F79EB3CA58}.Release|Any CPU.ActiveCfg = Release|Any CPU
		{C60D791D-CAED-4C52-AC3C-A9F79EB3CA58}.Release|Any CPU.Build.0 = Release|Any CPU
		{9C6D4AF0-852D-49F3-9EC9-558F0C0E8A70}.Debug|Any CPU.ActiveCfg = Debug|Any CPU
		{9C6D4AF0-852D-49F3-9EC9-558F0C0E8A70}.Debug|Any CPU.Build.0 = Debug|Any CPU
		{9C6D4AF0-852D-49F3-9EC9-558F0C0E8A70}.Release|Any CPU.ActiveCfg = Release|Any CPU
		{9C6D4AF0-852D-49F3-9EC9-558F0C0E8A70}.Release|Any CPU.Build.0 = Release|Any CPU
		{A28C446C-0B9C-19E2-94CC-8FB5F21DFC0F}.Debug|Any CPU.ActiveCfg = Debug|Any CPU
		{A28C446C-0B9C-19E2-94CC-8FB5F21DFC0F}.Debug|Any CPU.Build.0 = Debug|Any CPU
		{A28C446C-0B9C-19E2-94CC-8FB5F21DFC0F}.Release|Any CPU.ActiveCfg = Release|Any CPU
		{A28C446C-0B9C-19E2-94CC-8FB5F21DFC0F}.Release|Any CPU.Build.0 = Release|Any CPU
		{035303DD-4457-4EE0-A776-4BF8F8190024}.Debug|Any CPU.ActiveCfg = Debug|Any CPU
		{035303DD-4457-4EE0-A776-4BF8F8190024}.Debug|Any CPU.Build.0 = Debug|Any CPU
		{035303DD-4457-4EE0-A776-4BF8F8190024}.Release|Any CPU.ActiveCfg = Release|Any CPU
		{035303DD-4457-4EE0-A776-4BF8F8190024}.Release|Any CPU.Build.0 = Release|Any CPU
	EndGlobalSection
	GlobalSection(SolutionProperties) = preSolution
		HideSolutionNode = FALSE
	EndGlobalSection
	GlobalSection(ExtensibilityGlobals) = postSolution
		SolutionGuid = {DA3FB653-2DED-4EE2-9DCC-F4534E005E86}
	EndGlobalSection
EndGlobal
