
Microsoft Visual Studio Solution File, Format Version 12.00
# Visual Studio Version 17
VisualStudioVersion = 17.13.35806.99 d17.13
MinimumVisualStudioVersion = 10.0.40219.1
Project("{FAE04EC0-301F-11D3-BF4B-00C04F79EFBC}") = "HRLeaveApplication", "HRLeaveApplication\HRLeaveApplication.csproj", "{FDBDB7EE-6C21-4777-8E85-D42865BC703A}"
EndProject
Global
	GlobalSection(SolutionConfigurationPlatforms) = preSolution
		Debug|Any CPU = Debug|Any CPU
		Release|Any CPU = Release|Any CPU
	EndGlobalSection
	GlobalSection(ProjectConfigurationPlatforms) = postSolution
		{FDBDB7EE-6C21-4777-8E85-D42865BC703A}.Debug|Any CPU.ActiveCfg = Debug|Any CPU
		{FDBDB7EE-6C21-4777-8E85-D42865BC703A}.Debug|Any CPU.Build.0 = Debug|Any CPU
		{FDBDB7EE-6C21-4777-8E85-D42865BC703A}.Release|Any CPU.ActiveCfg = Release|Any CPU
		{FDBDB7EE-6C21-4777-8E85-D42865BC703A}.Release|Any CPU.Build.0 = Release|Any CPU
	EndGlobalSection
	GlobalSection(SolutionProperties) = preSolution
		HideSolutionNode = FALSE
	EndGlobalSection
	GlobalSection(ExtensibilityGlobals) = postSolution
		SolutionGuid = {925A7D41-5C6D-412B-B3A3-E487155F1A6A}
	EndGlobalSection
EndGlobal
